
Microsoft Visual Studio Solution File, Format Version 12.00
# Visual Studio 2013
VisualStudioVersion = 12.0.21005.1
MinimumVisualStudioVersion = 10.0.40219.1
Project("{FAE04EC0-301F-11D3-BF4B-00C04F79EFBC}") = "Hocvathi_giaodienthi_tienganh1", "Hocvathi_giaodienthi_tienganh1\Hocvathi_giaodienthi_tienganh1.csproj", "{F37762FE-35CF-4430-B153-1F71ED51BF6F}"
EndProject
Global
	GlobalSection(SolutionConfigurationPlatforms) = preSolution
		Debug|Any CPU = Debug|Any CPU
		Release|Any CPU = Release|Any CPU
	EndGlobalSection
	GlobalSection(ProjectConfigurationPlatforms) = postSolution
		{F37762FE-35CF-4430-B153-1F71ED51BF6F}.Debug|Any CPU.ActiveCfg = Debug|Any CPU
		{F37762FE-35CF-4430-B153-1F71ED51BF6F}.Debug|Any CPU.Build.0 = Debug|Any CPU
		{F37762FE-35CF-4430-B153-1F71ED51BF6F}.Release|Any CPU.ActiveCfg = Release|Any CPU
		{F37762FE-35CF-4430-B153-1F71ED51BF6F}.Release|Any CPU.Build.0 = Release|Any CPU
	EndGlobalSection
	GlobalSection(SolutionProperties) = preSolution
		HideSolutionNode = FALSE
	EndGlobalSection
EndGlobal
